
Microsoft Visual Studio Solution File, Format Version 12.00
# Visual Studio Version 18
VisualStudioVersion = 18.1.11304.174 d18.0
MinimumVisualStudioVersion = 10.0.40219.1
Project("{FAE04EC0-301F-11D3-BF4B-00C04F79EFBC}") = "Example01", "Example01\Example01.csproj", "{453AB78E-4EB8-4F71-8007-1174B8B899FD}"
EndProject
Project("{FAE04EC0-301F-11D3-BF4B-00C04F79EFBC}") = "CatchTheEggGame", "Game\CatchTheEggGame.csproj", "{483BD718-A174-437D-B8CA-3F13ECF09094}"
EndProject
Global
	GlobalSection(SolutionConfigurationPlatforms) = preSolution
		Debug|Any CPU = Debug|Any CPU
		Release|Any CPU = Release|Any CPU
	EndGlobalSection
	GlobalSection(ProjectConfigurationPlatforms) = postSolution
		{453AB78E-4EB8-4F71-8007-1174B8B899FD}.Debug|Any CPU.ActiveCfg = Debug|Any CPU
		{453AB78E-4EB8-4F71-8007-1174B8B899FD}.Debug|Any CPU.Build.0 = Debug|Any CPU
		{453AB78E-4EB8-4F71-8007-1174B8B899FD}.Release|Any CPU.ActiveCfg = Release|Any CPU
		{453AB78E-4EB8-4F71-8007-1174B8B899FD}.Release|Any CPU.Build.0 = Release|Any CPU
		{483BD718-A174-437D-B8CA-3F13ECF09094}.Debug|Any CPU.ActiveCfg = Debug|Any CPU
		{483BD718-A174-437D-B8CA-3F13ECF09094}.Debug|Any CPU.Build.0 = Debug|Any CPU
		{483BD718-A174-437D-B8CA-3F13ECF09094}.Release|Any CPU.ActiveCfg = Release|Any CPU
		{483BD718-A174-437D-B8CA-3F13ECF09094}.Release|Any CPU.Build.0 = Release|Any CPU
	EndGlobalSection
	GlobalSection(SolutionProperties) = preSolution
		HideSolutionNode = FALSE
	EndGlobalSection
	GlobalSection(ExtensibilityGlobals) = postSolution
		SolutionGuid = {CB504319-BECE-4F7C-987A-BD163F8A1C0B}
	EndGlobalSection
EndGlobal
